
Microsoft Visual Studio Solution File, Format Version 12.00
# Visual Studio Version 17
VisualStudioVersion = 17.9.34607.119
MinimumVisualStudioVersion = 10.0.40219.1
Project("{9A19103F-16F7-4668-BE54-9A1E7A4F7556}") = "EntityFrameworkPractice.DatabaseFirst", "EntityFrameworkPractice.DatabaseFirst\EntityFrameworkPractice.DatabaseFirst.csproj", "{EB47D0F9-7B9C-46F2-A9B4-2A5177F39DC4}"
EndProject
Project("{9A19103F-16F7-4668-BE54-9A1E7A4F7556}") = "EntityFrameworkPractice.DbFirstScaffold", "EntityFrameworkPractice.DbFirstScaffold\EntityFrameworkPractice.DbFirstScaffold.csproj", "{20C0183C-66A2-4F0D-ABD5-8B704C992CF4}"
EndProject
Project("{9A19103F-16F7-4668-BE54-9A1E7A4F7556}") = "EntityFrameworkPractice.EfCodeFirst", "EntityFrameworkPractice.EfCodeFirst\EntityFrameworkPractice.EfCodeFirst.csproj", "{66499284-84D9-4C60-8569-BA16E0150948}"
EndProject
Project("{9A19103F-16F7-4668-BE54-9A1E7A4F7556}") = "EntityFrameworkPractice.RelationShips", "EntityFrameworkPractice.RelationShips\EntityFrameworkPractice.RelationShips.csproj", "{D6ADEF51-2F40-422E-B3EB-049575B64729}"
EndProject
Project("{9A19103F-16F7-4668-BE54-9A1E7A4F7556}") = "EntityFrameworkPractice.RelatedDataLoad", "EntityFrameworkPractice.RelatedDataLoad\EntityFrameworkPractice.RelatedDataLoad.csproj", "{989DB930-0314-4F30-A2AF-CF8D6FEFF06F}"
EndProject
Project("{9A19103F-16F7-4668-BE54-9A1E7A4F7556}") = "EntityFrameworkPractice.Inheritance", "EntityFrameworkPractice.Inheritance\EntityFrameworkPractice.Inheritance.csproj", "{92A475C1-9A21-4920-9EDB-0909F86508E5}"
EndProject
Project("{FAE04EC0-301F-11D3-BF4B-00C04F79EFBC}") = "EntityFrameworkPractice.OwnedEntityType", "EntityFrameworkPractice.OwnedEntityType\EntityFrameworkPractice.OwnedEntityType.csproj", "{637186FF-EDA2-49E4-8667-FBDD2FFBC346}"
EndProject
Project("{FAE04EC0-301F-11D3-BF4B-00C04F79EFBC}") = "EntityFrameworkPractice.KeylessEntityType", "EntityFrameworkPractice.KeylessEntityType\EntityFrameworkPractice.KeylessEntityType.csproj", "{B000EC42-1B5E-49A2-95EC-51E76E177389}"
EndProject
Global
	GlobalSection(SolutionConfigurationPlatforms) = preSolution
		Debug|Any CPU = Debug|Any CPU
		Release|Any CPU = Release|Any CPU
	EndGlobalSection
	GlobalSection(ProjectConfigurationPlatforms) = postSolution
		{EB47D0F9-7B9C-46F2-A9B4-2A5177F39DC4}.Debug|Any CPU.ActiveCfg = Debug|Any CPU
		{EB47D0F9-7B9C-46F2-A9B4-2A5177F39DC4}.Debug|Any CPU.Build.0 = Debug|Any CPU
		{EB47D0F9-7B9C-46F2-A9B4-2A5177F39DC4}.Release|Any CPU.ActiveCfg = Release|Any CPU
		{EB47D0F9-7B9C-46F2-A9B4-2A5177F39DC4}.Release|Any CPU.Build.0 = Release|Any CPU
		{20C0183C-66A2-4F0D-ABD5-8B704C992CF4}.Debug|Any CPU.ActiveCfg = Debug|Any CPU
		{20C0183C-66A2-4F0D-ABD5-8B704C992CF4}.Debug|Any CPU.Build.0 = Debug|Any CPU
		{20C0183C-66A2-4F0D-ABD5-8B704C992CF4}.Release|Any CPU.ActiveCfg = Release|Any CPU
		{20C0183C-66A2-4F0D-ABD5-8B704C992CF4}.Release|Any CPU.Build.0 = Release|Any CPU
		{66499284-84D9-4C60-8569-BA16E0150948}.Debug|Any CPU.ActiveCfg = Debug|Any CPU
		{66499284-84D9-4C60-8569-BA16E0150948}.Debug|Any CPU.Build.0 = Debug|Any CPU
		{66499284-84D9-4C60-8569-BA16E0150948}.Release|Any CPU.ActiveCfg = Release|Any CPU
		{66499284-84D9-4C60-8569-BA16E0150948}.Release|Any CPU.Build.0 = Release|Any CPU
		{D6ADEF51-2F40-422E-B3EB-049575B64729}.Debug|Any CPU.ActiveCfg = Debug|Any CPU
		{D6ADEF51-2F40-422E-B3EB-049575B64729}.Debug|Any CPU.Build.0 = Debug|Any CPU
		{D6ADEF51-2F40-422E-B3EB-049575B64729}.Release|Any CPU.ActiveCfg = Release|Any CPU
		{D6ADEF51-2F40-422E-B3EB-049575B64729}.Release|Any CPU.Build.0 = Release|Any CPU
		{989DB930-0314-4F30-A2AF-CF8D6FEFF06F}.Debug|Any CPU.ActiveCfg = Debug|Any CPU
		{989DB930-0314-4F30-A2AF-CF8D6FEFF06F}.Debug|Any CPU.Build.0 = Debug|Any CPU
		{989DB930-0314-4F30-A2AF-CF8D6FEFF06F}.Release|Any CPU.ActiveCfg = Release|Any CPU
		{989DB930-0314-4F30-A2AF-CF8D6FEFF06F}.Release|Any CPU.Build.0 = Release|Any CPU
		{92A475C1-9A21-4920-9EDB-0909F86508E5}.Debug|Any CPU.ActiveCfg = Debug|Any CPU
		{92A475C1-9A21-4920-9EDB-0909F86508E5}.Debug|Any CPU.Build.0 = Debug|Any CPU
		{92A475C1-9A21-4920-9EDB-0909F86508E5}.Release|Any CPU.ActiveCfg = Release|Any CPU
		{92A475C1-9A21-4920-9EDB-0909F86508E5}.Release|Any CPU.Build.0 = Release|Any CPU
		{637186FF-EDA2-49E4-8667-FBDD2FFBC346}.Debug|Any CPU.ActiveCfg = Debug|Any CPU
		{637186FF-EDA2-49E4-8667-FBDD2FFBC346}.Debug|Any CPU.Build.0 = Debug|Any CPU
		{637186FF-EDA2-49E4-8667-FBDD2FFBC346}.Release|Any CPU.ActiveCfg = Release|Any CPU
		{637186FF-EDA2-49E4-8667-FBDD2FFBC346}.Release|Any CPU.Build.0 = Release|Any CPU
		{B000EC42-1B5E-49A2-95EC-51E76E177389}.Debug|Any CPU.ActiveCfg = Debug|Any CPU
		{B000EC42-1B5E-49A2-95EC-51E76E177389}.Debug|Any CPU.Build.0 = Debug|Any CPU
		{B000EC42-1B5E-49A2-95EC-51E76E177389}.Release|Any CPU.ActiveCfg = Release|Any CPU
		{B000EC42-1B5E-49A2-95EC-51E76E177389}.Release|Any CPU.Build.0 = Release|Any CPU
	EndGlobalSection
	GlobalSection(SolutionProperties) = preSolution
		HideSolutionNode = FALSE
	EndGlobalSection
	GlobalSection(ExtensibilityGlobals) = postSolution
		SolutionGuid = {B18C9F65-D7DE-4F41-85F9-D00314680DB3}
	EndGlobalSection
EndGlobal
